
Microsoft Visual Studio Solution File, Format Version 12.00
# Visual Studio Version 17
VisualStudioVersion = 17.9.34622.214
MinimumVisualStudioVersion = 10.0.40219.1
Project("{9A19103F-16F7-4668-BE54-9A1E7A4F7556}") = "AzureFunctionsApp.Functions", "AzureFunctionsApp.Functions\AzureFunctionsApp.Functions.csproj", "{61283CE4-6C27-48E8-83C8-612481CF7752}"
EndProject
Global
	GlobalSection(SolutionConfigurationPlatforms) = preSolution
		Debug|Any CPU = Debug|Any CPU
		Release|Any CPU = Release|Any CPU
	EndGlobalSection
	GlobalSection(ProjectConfigurationPlatforms) = postSolution
		{61283CE4-6C27-48E8-83C8-612481CF7752}.Debug|Any CPU.ActiveCfg = Debug|Any CPU
		{61283CE4-6C27-48E8-83C8-612481CF7752}.Debug|Any CPU.Build.0 = Debug|Any CPU
		{61283CE4-6C27-48E8-83C8-612481CF7752}.Release|Any CPU.ActiveCfg = Release|Any CPU
		{61283CE4-6C27-48E8-83C8-612481CF7752}.Release|Any CPU.Build.0 = Release|Any CPU
	EndGlobalSection
	GlobalSection(SolutionProperties) = preSolution
		HideSolutionNode = FALSE
	EndGlobalSection
	GlobalSection(ExtensibilityGlobals) = postSolution
		SolutionGuid = {5D36A297-CF0C-4345-AD09-DBCA8E875CD8}
	EndGlobalSection
EndGlobal
