
Microsoft Visual Studio Solution File, Format Version 12.00
# Visual Studio Version 17
VisualStudioVersion = 17.8.34511.84
MinimumVisualStudioVersion = 10.0.40219.1
Project("{9A19103F-16F7-4668-BE54-9A1E7A4F7556}") = "WebApp.API", "WebApp.API\WebApp.API.csproj", "{A20780E9-1003-4E05-84BF-C54412B53692}"
EndProject
Project("{9A19103F-16F7-4668-BE54-9A1E7A4F7556}") = "WebApp.DAL", "WebApp.DAL\WebApp.DAL.csproj", "{18903CF6-C276-4844-ACC9-17BD15F5FE88}"
EndProject
Project("{9A19103F-16F7-4668-BE54-9A1E7A4F7556}") = "WebApp.Common", "WebApp.Common\WebApp.Common.csproj", "{CD2EE966-DC72-4FAD-AC1F-5189A252BC76}"
EndProject
Project("{FAE04EC0-301F-11D3-BF4B-00C04F79EFBC}") = "WebApp.BLL", "WebApp.BLL\WebApp.BLL.csproj", "{0B6F10AF-7991-4802-BBAD-37A266B9BD57}"
EndProject
Global
	GlobalSection(SolutionConfigurationPlatforms) = preSolution
		Debug|Any CPU = Debug|Any CPU
		Release|Any CPU = Release|Any CPU
	EndGlobalSection
	GlobalSection(ProjectConfigurationPlatforms) = postSolution
		{A20780E9-1003-4E05-84BF-C54412B53692}.Debug|Any CPU.ActiveCfg = Debug|Any CPU
		{A20780E9-1003-4E05-84BF-C54412B53692}.Debug|Any CPU.Build.0 = Debug|Any CPU
		{A20780E9-1003-4E05-84BF-C54412B53692}.Release|Any CPU.ActiveCfg = Release|Any CPU
		{A20780E9-1003-4E05-84BF-C54412B53692}.Release|Any CPU.Build.0 = Release|Any CPU
		{18903CF6-C276-4844-ACC9-17BD15F5FE88}.Debug|Any CPU.ActiveCfg = Debug|Any CPU
		{18903CF6-C276-4844-ACC9-17BD15F5FE88}.Debug|Any CPU.Build.0 = Debug|Any CPU
		{18903CF6-C276-4844-ACC9-17BD15F5FE88}.Release|Any CPU.ActiveCfg = Release|Any CPU
		{18903CF6-C276-4844-ACC9-17BD15F5FE88}.Release|Any CPU.Build.0 = Release|Any CPU
		{CD2EE966-DC72-4FAD-AC1F-5189A252BC76}.Debug|Any CPU.ActiveCfg = Debug|Any CPU
		{CD2EE966-DC72-4FAD-AC1F-5189A252BC76}.Debug|Any CPU.Build.0 = Debug|Any CPU
		{CD2EE966-DC72-4FAD-AC1F-5189A252BC76}.Release|Any CPU.ActiveCfg = Release|Any CPU
		{CD2EE966-DC72-4FAD-AC1F-5189A252BC76}.Release|Any CPU.Build.0 = Release|Any CPU
		{0B6F10AF-7991-4802-BBAD-37A266B9BD57}.Debug|Any CPU.ActiveCfg = Debug|Any CPU
		{0B6F10AF-7991-4802-BBAD-37A266B9BD57}.Debug|Any CPU.Build.0 = Debug|Any CPU
		{0B6F10AF-7991-4802-BBAD-37A266B9BD57}.Release|Any CPU.ActiveCfg = Release|Any CPU
		{0B6F10AF-7991-4802-BBAD-37A266B9BD57}.Release|Any CPU.Build.0 = Release|Any CPU
	EndGlobalSection
	GlobalSection(SolutionProperties) = preSolution
		HideSolutionNode = FALSE
	EndGlobalSection
	GlobalSection(ExtensibilityGlobals) = postSolution
		SolutionGuid = {2481B1DF-E0DF-40EA-8D08-6D7688F5BAC1}
	EndGlobalSection
EndGlobal
