
Microsoft Visual Studio Solution File, Format Version 12.00
# Visual Studio Version 17
VisualStudioVersion = 17.0.31903.59
MinimumVisualStudioVersion = 10.0.40219.1
Project("{9A19103F-16F7-4668-BE54-9A1E7A4F7556}") = "SmartHome.CoffeeMachine", "SmartHome.CoffeeMachine\SmartHome.CoffeeMachine.csproj", "{DD159B04-8095-4476-A4BB-4760EC0A54FD}"
EndProject
Project("{9A19103F-16F7-4668-BE54-9A1E7A4F7556}") = "SmartHome.Common", "SmartHome.Common\SmartHome.Common.csproj", "{558C5822-8FF5-4256-8FA0-4ECE186285B4}"
EndProject
Project("{9A19103F-16F7-4668-BE54-9A1E7A4F7556}") = "SmartHome.CoffeeMachine.Dal", "SmartHome.CoffeeMachine.Dal\SmartHome.CoffeeMachine.Dal.csproj", "{007E5C56-0125-485D-9E3A-5020AF048C8D}"
EndProject
Project("{9A19103F-16F7-4668-BE54-9A1E7A4F7556}") = "SmartHome.CoffeeMachine.Endpoint", "SmartHome.CoffeeMachine.Endpoint\SmartHome.CoffeeMachine.Endpoint.csproj", "{A3B0E286-3A2E-4B41-92D2-BFA9D1F01C58}"
EndProject
Global
	GlobalSection(SolutionConfigurationPlatforms) = preSolution
		Debug|Any CPU = Debug|Any CPU
		Release|Any CPU = Release|Any CPU
	EndGlobalSection
	GlobalSection(ProjectConfigurationPlatforms) = postSolution
		{DD159B04-8095-4476-A4BB-4760EC0A54FD}.Debug|Any CPU.ActiveCfg = Debug|Any CPU
		{DD159B04-8095-4476-A4BB-4760EC0A54FD}.Debug|Any CPU.Build.0 = Debug|Any CPU
		{DD159B04-8095-4476-A4BB-4760EC0A54FD}.Release|Any CPU.ActiveCfg = Release|Any CPU
		{DD159B04-8095-4476-A4BB-4760EC0A54FD}.Release|Any CPU.Build.0 = Release|Any CPU
		{558C5822-8FF5-4256-8FA0-4ECE186285B4}.Debug|Any CPU.ActiveCfg = Debug|Any CPU
		{558C5822-8FF5-4256-8FA0-4ECE186285B4}.Debug|Any CPU.Build.0 = Debug|Any CPU
		{558C5822-8FF5-4256-8FA0-4ECE186285B4}.Release|Any CPU.ActiveCfg = Release|Any CPU
		{558C5822-8FF5-4256-8FA0-4ECE186285B4}.Release|Any CPU.Build.0 = Release|Any CPU
		{007E5C56-0125-485D-9E3A-5020AF048C8D}.Debug|Any CPU.ActiveCfg = Debug|Any CPU
		{007E5C56-0125-485D-9E3A-5020AF048C8D}.Debug|Any CPU.Build.0 = Debug|Any CPU
		{007E5C56-0125-485D-9E3A-5020AF048C8D}.Release|Any CPU.ActiveCfg = Release|Any CPU
		{007E5C56-0125-485D-9E3A-5020AF048C8D}.Release|Any CPU.Build.0 = Release|Any CPU
		{A3B0E286-3A2E-4B41-92D2-BFA9D1F01C58}.Debug|Any CPU.ActiveCfg = Debug|Any CPU
		{A3B0E286-3A2E-4B41-92D2-BFA9D1F01C58}.Debug|Any CPU.Build.0 = Debug|Any CPU
		{A3B0E286-3A2E-4B41-92D2-BFA9D1F01C58}.Release|Any CPU.ActiveCfg = Release|Any CPU
		{A3B0E286-3A2E-4B41-92D2-BFA9D1F01C58}.Release|Any CPU.Build.0 = Release|Any CPU
	EndGlobalSection
	GlobalSection(SolutionProperties) = preSolution
		HideSolutionNode = FALSE
	EndGlobalSection
	GlobalSection(ExtensibilityGlobals) = postSolution
		SolutionGuid = {BE31A310-D46D-405C-8844-C08643B4CFCE}
	EndGlobalSection
EndGlobal
