
Microsoft Visual Studio Solution File, Format Version 12.00
# Visual Studio Version 17
VisualStudioVersion = 17.8.34511.84
MinimumVisualStudioVersion = 10.0.40219.1
Project("{FAE04EC0-301F-11D3-BF4B-00C04F79EFBC}") = "Client.API", "Client.API\Client.API.csproj", "{DDA3AC0A-84DB-4015-829C-E830EAAE15D8}"
EndProject
Global
	GlobalSection(SolutionConfigurationPlatforms) = preSolution
		Debug|Any CPU = Debug|Any CPU
		Release|Any CPU = Release|Any CPU
	EndGlobalSection
	GlobalSection(ProjectConfigurationPlatforms) = postSolution
		{DDA3AC0A-84DB-4015-829C-E830EAAE15D8}.Debug|Any CPU.ActiveCfg = Debug|Any CPU
		{DDA3AC0A-84DB-4015-829C-E830EAAE15D8}.Debug|Any CPU.Build.0 = Debug|Any CPU
		{DDA3AC0A-84DB-4015-829C-E830EAAE15D8}.Release|Any CPU.ActiveCfg = Release|Any CPU
		{DDA3AC0A-84DB-4015-829C-E830EAAE15D8}.Release|Any CPU.Build.0 = Release|Any CPU
	EndGlobalSection
	GlobalSection(SolutionProperties) = preSolution
		HideSolutionNode = FALSE
	EndGlobalSection
	GlobalSection(ExtensibilityGlobals) = postSolution
		SolutionGuid = {21A0C93D-344E-4D34-81FB-D1DE991CA0FB}
	EndGlobalSection
EndGlobal
